
Microsoft Visual Studio Solution File, Format Version 12.00
# Visual Studio 14
VisualStudioVersion = 14.0.25420.1
MinimumVisualStudioVersion = 10.0.40219.1
Project("{FAE04EC0-301F-11D3-BF4B-00C04F79EFBC}") = "BinarySearchTree", "BynarySearchTree\BinarySearchTree.csproj", "{C14C7155-5656-400B-A1CA-8C6A1598D19A}"
EndProject
Project("{FAE04EC0-301F-11D3-BF4B-00C04F79EFBC}") = "Sort", "Sort\Sort.csproj", "{04927CA9-8BF2-495F-A59F-74F42469EDB5}"
EndProject
Project("{FAE04EC0-301F-11D3-BF4B-00C04F79EFBC}") = "Graphs", "Graphs\Graphs.csproj", "{ECE8410B-32B9-4ECF-95D2-9164ED786FA7}"
EndProject
Project("{FAE04EC0-301F-11D3-BF4B-00C04F79EFBC}") = "NotBinarySearchTree", "NotBinarySearchTree\NotBinarySearchTree.csproj", "{0B71B6BD-C94D-4F8B-AD7C-0788BC6EBA38}"
EndProject
Global
	GlobalSection(SolutionConfigurationPlatforms) = preSolution
		Debug|Any CPU = Debug|Any CPU
		Release|Any CPU = Release|Any CPU
	EndGlobalSection
	GlobalSection(ProjectConfigurationPlatforms) = postSolution
		{C14C7155-5656-400B-A1CA-8C6A1598D19A}.Debug|Any CPU.ActiveCfg = Debug|Any CPU
		{C14C7155-5656-400B-A1CA-8C6A1598D19A}.Debug|Any CPU.Build.0 = Debug|Any CPU
		{C14C7155-5656-400B-A1CA-8C6A1598D19A}.Release|Any CPU.ActiveCfg = Release|Any CPU
		{C14C7155-5656-400B-A1CA-8C6A1598D19A}.Release|Any CPU.Build.0 = Release|Any CPU
		{04927CA9-8BF2-495F-A59F-74F42469EDB5}.Debug|Any CPU.ActiveCfg = Debug|Any CPU
		{04927CA9-8BF2-495F-A59F-74F42469EDB5}.Debug|Any CPU.Build.0 = Debug|Any CPU
		{04927CA9-8BF2-495F-A59F-74F42469EDB5}.Release|Any CPU.ActiveCfg = Release|Any CPU
		{04927CA9-8BF2-495F-A59F-74F42469EDB5}.Release|Any CPU.Build.0 = Release|Any CPU
		{ECE8410B-32B9-4ECF-95D2-9164ED786FA7}.Debug|Any CPU.ActiveCfg = Debug|Any CPU
		{ECE8410B-32B9-4ECF-95D2-9164ED786FA7}.Debug|Any CPU.Build.0 = Debug|Any CPU
		{ECE8410B-32B9-4ECF-95D2-9164ED786FA7}.Release|Any CPU.ActiveCfg = Release|Any CPU
		{ECE8410B-32B9-4ECF-95D2-9164ED786FA7}.Release|Any CPU.Build.0 = Release|Any CPU
		{0B71B6BD-C94D-4F8B-AD7C-0788BC6EBA38}.Debug|Any CPU.ActiveCfg = Debug|Any CPU
		{0B71B6BD-C94D-4F8B-AD7C-0788BC6EBA38}.Debug|Any CPU.Build.0 = Debug|Any CPU
		{0B71B6BD-C94D-4F8B-AD7C-0788BC6EBA38}.Release|Any CPU.ActiveCfg = Release|Any CPU
		{0B71B6BD-C94D-4F8B-AD7C-0788BC6EBA38}.Release|Any CPU.Build.0 = Release|Any CPU
	EndGlobalSection
	GlobalSection(SolutionProperties) = preSolution
		HideSolutionNode = FALSE
	EndGlobalSection
EndGlobal
